
Microsoft Visual Studio Solution File, Format Version 12.00
# Visual Studio 15
VisualStudioVersion = 15.0.27703.2026
MinimumVisualStudioVersion = 10.0.40219.1
Project("{FAE04EC0-301F-11D3-BF4B-00C04F79EFBC}") = "SPTestUsersRankingAPI", "SPTestUsersRankingAPI\SPTestUsersRankingAPI.csproj", "{8B38F20A-61CF-40DF-B084-FC965027DBEB}"
EndProject
Project("{FAE04EC0-301F-11D3-BF4B-00C04F79EFBC}") = "SPTestUsersRankingAPI.Tests", "SPTestUsersRankingAPI.Tests\SPTestUsersRankingAPI.Tests.csproj", "{1250CF23-C760-4ADD-AF6F-BA11B046ED70}"
EndProject
Project("{FAE04EC0-301F-11D3-BF4B-00C04F79EFBC}") = "SPTestUsersRankingAPI.Model", "SPTestUsersRankingAPI.Model\SPTestUsersRankingAPI.Model.csproj", "{FD58DAF5-4FC0-4831-B569-5EC41E324CEE}"
EndProject
Project("{FAE04EC0-301F-11D3-BF4B-00C04F79EFBC}") = "SPTestUsersRankingAPI.Util", "SPTestUsersRankingAPI.Util\SPTestUsersRankingAPI.Util.csproj", "{60EBF98E-0CD0-48F8-935F-E35B90E4EF64}"
EndProject
Project("{FAE04EC0-301F-11D3-BF4B-00C04F79EFBC}") = "SPTestUsersRankingAPI.DataAccessLayer", "SPTestUsersRankingAPI.DataAccessLayer\SPTestUsersRankingAPI.DataAccessLayer.csproj", "{46CB05ED-E954-4941-ADB9-58F9A0094D04}"
EndProject
Project("{FAE04EC0-301F-11D3-BF4B-00C04F79EFBC}") = "SPTestUsersRankingAPI.Database", "SPTestUsersRankingAPI.Database\SPTestUsersRankingAPI.Database.csproj", "{E3CE0D3C-3F88-485A-9BD5-717543E0D24A}"
EndProject
Project("{FAE04EC0-301F-11D3-BF4B-00C04F79EFBC}") = "SPTestUsersRankingAPI.BusinessLayer", "SPTestUsersRankingAPI.BusinessLayer\SPTestUsersRankingAPI.BusinessLayer.csproj", "{C3FFCB90-2751-478A-B77D-F1887000C355}"
EndProject
Project("{2150E333-8FDC-42A3-9474-1A3956D46DE8}") = "DAL", "DAL", "{A6451746-827C-4635-A3C2-183DA000F97F}"
EndProject
Project("{2150E333-8FDC-42A3-9474-1A3956D46DE8}") = "BLL", "BLL", "{328B15BD-C95F-47EC-B5DE-2DF22023A12D}"
EndProject
Project("{2150E333-8FDC-42A3-9474-1A3956D46DE8}") = "Common", "Common", "{784ED35E-9CDB-402A-9A67-18C5AC6331D1}"
EndProject
Project("{2150E333-8FDC-42A3-9474-1A3956D46DE8}") = "Test", "Test", "{3344DD8E-898B-4096-B475-E7B28C49A688}"
EndProject
Project("{FAE04EC0-301F-11D3-BF4B-00C04F79EFBC}") = "SPTestUsersRankingAPI.DTO", "SPTestUsersRankingAPI.DTO\SPTestUsersRankingAPI.DTO.csproj", "{2FE01019-8A96-491E-93D2-E781134FD274}"
EndProject
Project("{FAE04EC0-301F-11D3-BF4B-00C04F79EFBC}") = "SPTestUsersRankingAPI.BusinessLayer.Test", "SPTestUsersRankingAPI.BusinessLayer.Test\SPTestUsersRankingAPI.BusinessLayer.Test.csproj", "{87F2273F-AA7E-4145-9EAD-21FEAD444CD8}"
EndProject
Project("{FAE04EC0-301F-11D3-BF4B-00C04F79EFBC}") = "SPTestUsersRankingAPI.DataAccessLayer.Test", "SPTestUsersRankingAPI.DataAccessLayer.Test\SPTestUsersRankingAPI.DataAccessLayer.Test.csproj", "{EB5D06C9-F9DB-4117-9808-F3E62480759C}"
EndProject
Global
	GlobalSection(SolutionConfigurationPlatforms) = preSolution
		Debug|Any CPU = Debug|Any CPU
		Release|Any CPU = Release|Any CPU
	EndGlobalSection
	GlobalSection(ProjectConfigurationPlatforms) = postSolution
		{8B38F20A-61CF-40DF-B084-FC965027DBEB}.Debug|Any CPU.ActiveCfg = Debug|Any CPU
		{8B38F20A-61CF-40DF-B084-FC965027DBEB}.Debug|Any CPU.Build.0 = Debug|Any CPU
		{8B38F20A-61CF-40DF-B084-FC965027DBEB}.Release|Any CPU.ActiveCfg = Release|Any CPU
		{8B38F20A-61CF-40DF-B084-FC965027DBEB}.Release|Any CPU.Build.0 = Release|Any CPU
		{1250CF23-C760-4ADD-AF6F-BA11B046ED70}.Debug|Any CPU.ActiveCfg = Debug|Any CPU
		{1250CF23-C760-4ADD-AF6F-BA11B046ED70}.Debug|Any CPU.Build.0 = Debug|Any CPU
		{1250CF23-C760-4ADD-AF6F-BA11B046ED70}.Release|Any CPU.ActiveCfg = Release|Any CPU
		{1250CF23-C760-4ADD-AF6F-BA11B046ED70}.Release|Any CPU.Build.0 = Release|Any CPU
		{FD58DAF5-4FC0-4831-B569-5EC41E324CEE}.Debug|Any CPU.ActiveCfg = Debug|Any CPU
		{FD58DAF5-4FC0-4831-B569-5EC41E324CEE}.Debug|Any CPU.Build.0 = Debug|Any CPU
		{FD58DAF5-4FC0-4831-B569-5EC41E324CEE}.Release|Any CPU.ActiveCfg = Release|Any CPU
		{FD58DAF5-4FC0-4831-B569-5EC41E324CEE}.Release|Any CPU.Build.0 = Release|Any CPU
		{60EBF98E-0CD0-48F8-935F-E35B90E4EF64}.Debug|Any CPU.ActiveCfg = Debug|Any CPU
		{60EBF98E-0CD0-48F8-935F-E35B90E4EF64}.Debug|Any CPU.Build.0 = Debug|Any CPU
		{60EBF98E-0CD0-48F8-935F-E35B90E4EF64}.Release|Any CPU.ActiveCfg = Release|Any CPU
		{60EBF98E-0CD0-48F8-935F-E35B90E4EF64}.Release|Any CPU.Build.0 = Release|Any CPU
		{46CB05ED-E954-4941-ADB9-58F9A0094D04}.Debug|Any CPU.ActiveCfg = Debug|Any CPU
		{46CB05ED-E954-4941-ADB9-58F9A0094D04}.Debug|Any CPU.Build.0 = Debug|Any CPU
		{46CB05ED-E954-4941-ADB9-58F9A0094D04}.Release|Any CPU.ActiveCfg = Release|Any CPU
		{46CB05ED-E954-4941-ADB9-58F9A0094D04}.Release|Any CPU.Build.0 = Release|Any CPU
		{E3CE0D3C-3F88-485A-9BD5-717543E0D24A}.Debug|Any CPU.ActiveCfg = Debug|Any CPU
		{E3CE0D3C-3F88-485A-9BD5-717543E0D24A}.Debug|Any CPU.Build.0 = Debug|Any CPU
		{E3CE0D3C-3F88-485A-9BD5-717543E0D24A}.Release|Any CPU.ActiveCfg = Release|Any CPU
		{E3CE0D3C-3F88-485A-9BD5-717543E0D24A}.Release|Any CPU.Build.0 = Release|Any CPU
		{C3FFCB90-2751-478A-B77D-F1887000C355}.Debug|Any CPU.ActiveCfg = Debug|Any CPU
		{C3FFCB90-2751-478A-B77D-F1887000C355}.Debug|Any CPU.Build.0 = Debug|Any CPU
		{C3FFCB90-2751-478A-B77D-F1887000C355}.Release|Any CPU.ActiveCfg = Release|Any CPU
		{C3FFCB90-2751-478A-B77D-F1887000C355}.Release|Any CPU.Build.0 = Release|Any CPU
		{2FE01019-8A96-491E-93D2-E781134FD274}.Debug|Any CPU.ActiveCfg = Debug|Any CPU
		{2FE01019-8A96-491E-93D2-E781134FD274}.Debug|Any CPU.Build.0 = Debug|Any CPU
		{2FE01019-8A96-491E-93D2-E781134FD274}.Release|Any CPU.ActiveCfg = Release|Any CPU
		{2FE01019-8A96-491E-93D2-E781134FD274}.Release|Any CPU.Build.0 = Release|Any CPU
		{87F2273F-AA7E-4145-9EAD-21FEAD444CD8}.Debug|Any CPU.ActiveCfg = Debug|Any CPU
		{87F2273F-AA7E-4145-9EAD-21FEAD444CD8}.Debug|Any CPU.Build.0 = Debug|Any CPU
		{87F2273F-AA7E-4145-9EAD-21FEAD444CD8}.Release|Any CPU.ActiveCfg = Release|Any CPU
		{87F2273F-AA7E-4145-9EAD-21FEAD444CD8}.Release|Any CPU.Build.0 = Release|Any CPU
		{EB5D06C9-F9DB-4117-9808-F3E62480759C}.Debug|Any CPU.ActiveCfg = Debug|Any CPU
		{EB5D06C9-F9DB-4117-9808-F3E62480759C}.Debug|Any CPU.Build.0 = Debug|Any CPU
		{EB5D06C9-F9DB-4117-9808-F3E62480759C}.Release|Any CPU.ActiveCfg = Release|Any CPU
		{EB5D06C9-F9DB-4117-9808-F3E62480759C}.Release|Any CPU.Build.0 = Release|Any CPU
	EndGlobalSection
	GlobalSection(SolutionProperties) = preSolution
		HideSolutionNode = FALSE
	EndGlobalSection
	GlobalSection(NestedProjects) = preSolution
		{1250CF23-C760-4ADD-AF6F-BA11B046ED70} = {3344DD8E-898B-4096-B475-E7B28C49A688}
		{FD58DAF5-4FC0-4831-B569-5EC41E324CEE} = {784ED35E-9CDB-402A-9A67-18C5AC6331D1}
		{60EBF98E-0CD0-48F8-935F-E35B90E4EF64} = {784ED35E-9CDB-402A-9A67-18C5AC6331D1}
		{46CB05ED-E954-4941-ADB9-58F9A0094D04} = {A6451746-827C-4635-A3C2-183DA000F97F}
		{E3CE0D3C-3F88-485A-9BD5-717543E0D24A} = {A6451746-827C-4635-A3C2-183DA000F97F}
		{C3FFCB90-2751-478A-B77D-F1887000C355} = {328B15BD-C95F-47EC-B5DE-2DF22023A12D}
		{2FE01019-8A96-491E-93D2-E781134FD274} = {784ED35E-9CDB-402A-9A67-18C5AC6331D1}
		{87F2273F-AA7E-4145-9EAD-21FEAD444CD8} = {3344DD8E-898B-4096-B475-E7B28C49A688}
		{EB5D06C9-F9DB-4117-9808-F3E62480759C} = {3344DD8E-898B-4096-B475-E7B28C49A688}
	EndGlobalSection
	GlobalSection(ExtensibilityGlobals) = postSolution
		SolutionGuid = {031337D4-0B63-4F92-A951-E56F79A0DE5F}
	EndGlobalSection
EndGlobal
